{
  "name": "Auto-Mate",
  "lockfileVersion": 3,
  "requires": true,
  "packages": {
    "": {
      "dependencies": {
        "otp-generator": "^4.0.0"
      }
    },
    "node_modules/otp-generator": {
      "version": "4.0.0",
      "resolved": "https://registry.npmjs.org/otp-generator/-/otp-generator-4.0.0.tgz",
      "integrity": "sha512-P0nG+RVCRDkZdEjXgoMeOTVF3jwMShAk8qYYNx+VNdWgxhcLbZQjdx3GfzgRTZENTx+9I14XfTDJZjKQJdBcVw==",
      "engines": {
        "node": ">=14.10.0"
      }
    }
  }
}
